
Microsoft Visual Studio Solution File, Format Version 12.00
# Visual Studio Version 17
VisualStudioVersion = 17.0.32014.148
MinimumVisualStudioVersion = 10.0.40219.1
Project("{FAE04EC0-301F-11D3-BF4B-00C04F79EFBC}") = "BasicPrograms", "BasicPrograms\BasicPrograms.csproj", "{6F736A3A-1E50-4F82-A011-719E641DAA6A}"
EndProject
Global
	GlobalSection(SolutionConfigurationPlatforms) = preSolution
		Debug|Any CPU = Debug|Any CPU
		Release|Any CPU = Release|Any CPU
	EndGlobalSection
	GlobalSection(ProjectConfigurationPlatforms) = postSolution
		{6F736A3A-1E50-4F82-A011-719E641DAA6A}.Debug|Any CPU.ActiveCfg = Debug|Any CPU
		{6F736A3A-1E50-4F82-A011-719E641DAA6A}.Debug|Any CPU.Build.0 = Debug|Any CPU
		{6F736A3A-1E50-4F82-A011-719E641DAA6A}.Release|Any CPU.ActiveCfg = Release|Any CPU
		{6F736A3A-1E50-4F82-A011-719E641DAA6A}.Release|Any CPU.Build.0 = Release|Any CPU
	EndGlobalSection
	GlobalSection(SolutionProperties) = preSolution
		HideSolutionNode = FALSE
	EndGlobalSection
	GlobalSection(ExtensibilityGlobals) = postSolution
		SolutionGuid = {97D6FED4-2A3F-4DEB-BC77-438AE81493D0}
	EndGlobalSection
EndGlobal
